
Microsoft Visual Studio Solution File, Format Version 12.00
# Visual Studio Version 17
VisualStudioVersion = 17.2.32630.192
MinimumVisualStudioVersion = 10.0.40219.1
Project("{FAE04EC0-301F-11D3-BF4B-00C04F79EFBC}") = "MyTestProject.API", "MyTestProject.API\MyTestProject.API.csproj", "{6114ECD0-D7CB-4CFA-8977-63E46C94775C}"
EndProject
Project("{FAE04EC0-301F-11D3-BF4B-00C04F79EFBC}") = "MyTestProject.BLL", "MyTestProject.BLL\MyTestProject.BLL.csproj", "{965DFE3D-FFD2-4DFA-8831-866BA9BB60CF}"
EndProject
Project("{FAE04EC0-301F-11D3-BF4B-00C04F79EFBC}") = "MyTestProject.DAL", "MyTestProject.DAL\MyTestProject.DAL.csproj", "{78405A2E-D201-43DF-B0F5-CE4B2C56C19B}"
EndProject
Global
	GlobalSection(SolutionConfigurationPlatforms) = preSolution
		Debug|Any CPU = Debug|Any CPU
		Release|Any CPU = Release|Any CPU
	EndGlobalSection
	GlobalSection(ProjectConfigurationPlatforms) = postSolution
		{6114ECD0-D7CB-4CFA-8977-63E46C94775C}.Debug|Any CPU.ActiveCfg = Debug|Any CPU
		{6114ECD0-D7CB-4CFA-8977-63E46C94775C}.Debug|Any CPU.Build.0 = Debug|Any CPU
		{6114ECD0-D7CB-4CFA-8977-63E46C94775C}.Release|Any CPU.ActiveCfg = Release|Any CPU
		{6114ECD0-D7CB-4CFA-8977-63E46C94775C}.Release|Any CPU.Build.0 = Release|Any CPU
		{965DFE3D-FFD2-4DFA-8831-866BA9BB60CF}.Debug|Any CPU.ActiveCfg = Debug|Any CPU
		{965DFE3D-FFD2-4DFA-8831-866BA9BB60CF}.Debug|Any CPU.Build.0 = Debug|Any CPU
		{965DFE3D-FFD2-4DFA-8831-866BA9BB60CF}.Release|Any CPU.ActiveCfg = Release|Any CPU
		{965DFE3D-FFD2-4DFA-8831-866BA9BB60CF}.Release|Any CPU.Build.0 = Release|Any CPU
		{78405A2E-D201-43DF-B0F5-CE4B2C56C19B}.Debug|Any CPU.ActiveCfg = Debug|Any CPU
		{78405A2E-D201-43DF-B0F5-CE4B2C56C19B}.Debug|Any CPU.Build.0 = Debug|Any CPU
		{78405A2E-D201-43DF-B0F5-CE4B2C56C19B}.Release|Any CPU.ActiveCfg = Release|Any CPU
		{78405A2E-D201-43DF-B0F5-CE4B2C56C19B}.Release|Any CPU.Build.0 = Release|Any CPU
	EndGlobalSection
	GlobalSection(SolutionProperties) = preSolution
		HideSolutionNode = FALSE
	EndGlobalSection
	GlobalSection(ExtensibilityGlobals) = postSolution
		SolutionGuid = {CA2AC411-AB6C-47FD-9FE5-80A4003404EC}
	EndGlobalSection
EndGlobal
